
Microsoft Visual Studio Solution File, Format Version 12.00
# Visual Studio Version 17
VisualStudioVersion = 17.0.31903.59
MinimumVisualStudioVersion = 10.0.40219.1
Project("{9A19103F-16F7-4668-BE54-9A1E7A4F7556}") = "Algoritmiek", "Algoritmiek\Algoritmiek.csproj", "{8A1564B0-C607-4D32-8847-DB66BA846B14}"
EndProject
Project("{FAE04EC0-301F-11D3-BF4B-00C04F79EFBC}") = "AlgoritmiekTests", "AlgoritmiekTests\AlgoritmiekTests.csproj", "{8A8C227F-E450-4CA8-867D-17B0FDB739F3}"
EndProject
Global
	GlobalSection(SolutionConfigurationPlatforms) = preSolution
		Debug|Any CPU = Debug|Any CPU
		Release|Any CPU = Release|Any CPU
	EndGlobalSection
	GlobalSection(ProjectConfigurationPlatforms) = postSolution
		{8A1564B0-C607-4D32-8847-DB66BA846B14}.Debug|Any CPU.ActiveCfg = Debug|Any CPU
		{8A1564B0-C607-4D32-8847-DB66BA846B14}.Debug|Any CPU.Build.0 = Debug|Any CPU
		{8A1564B0-C607-4D32-8847-DB66BA846B14}.Release|Any CPU.ActiveCfg = Release|Any CPU
		{8A1564B0-C607-4D32-8847-DB66BA846B14}.Release|Any CPU.Build.0 = Release|Any CPU
		{8A8C227F-E450-4CA8-867D-17B0FDB739F3}.Debug|Any CPU.ActiveCfg = Debug|Any CPU
		{8A8C227F-E450-4CA8-867D-17B0FDB739F3}.Debug|Any CPU.Build.0 = Debug|Any CPU
		{8A8C227F-E450-4CA8-867D-17B0FDB739F3}.Release|Any CPU.ActiveCfg = Release|Any CPU
		{8A8C227F-E450-4CA8-867D-17B0FDB739F3}.Release|Any CPU.Build.0 = Release|Any CPU
	EndGlobalSection
	GlobalSection(SolutionProperties) = preSolution
		HideSolutionNode = FALSE
	EndGlobalSection
	GlobalSection(ExtensibilityGlobals) = postSolution
		SolutionGuid = {0EE45A05-4DFD-429F-BDC3-BAA7EFACAF7C}
	EndGlobalSection
EndGlobal
